
Microsoft Visual Studio Solution File, Format Version 12.00
# Visual Studio Version 17
VisualStudioVersion = 17.0.31903.59
MinimumVisualStudioVersion = 10.0.40219.1
Project("{FAE04EC0-301F-11D3-BF4B-00C04F79EFBC}") = "BankStatementParsing.Api", "BankStatementParsing.Api\BankStatementParsing.Api.csproj", "{0D66EE1F-3BBD-4F24-BD26-DB6493FB6B84}"
EndProject
Project("{FAE04EC0-301F-11D3-BF4B-00C04F79EFBC}") = "BankStatementParsing.Core", "BankStatementParsing.Core\BankStatementParsing.Core.csproj", "{2BC6C302-478D-4222-8DB6-1D45176FB41C}"
EndProject
Project("{FAE04EC0-301F-11D3-BF4B-00C04F79EFBC}") = "BankStatementParsing.Infrastructure", "BankStatementParsing.Infrastructure\BankStatementParsing.Infrastructure.csproj", "{A0EA4000-3D33-4344-914D-5BB92E58DEF6}"
EndProject
Project("{FAE04EC0-301F-11D3-BF4B-00C04F79EFBC}") = "BankStatementParsing.Services", "BankStatementParsing.Services\BankStatementParsing.Services.csproj", "{92B364BC-C0B3-4B56-8125-1E316F74CE5E}"
EndProject
Project("{FAE04EC0-301F-11D3-BF4B-00C04F79EFBC}") = "BankStatementParsing.TestConsole", "BankStatementParsing.TestConsole\BankStatementParsing.TestConsole.csproj", "{607164BA-C020-48B8-AAF9-7B0A375365F1}"
EndProject
Project("{FAE04EC0-301F-11D3-BF4B-00C04F79EFBC}") = "BankStatementParsing.Web", "BankStatementParsing.Web\BankStatementParsing.Web.csproj", "{A2A4FD5D-F4A8-4E1B-B224-2E1D9DE12E2E}"
EndProject
Project("{FAE04EC0-301F-11D3-BF4B-00C04F79EFBC}") = "BankStatementParsing.UnitTests", "BankStatementParsing.UnitTests\BankStatementParsing.UnitTests.csproj", "{2BD2FEA8-A8D0-4E52-97B4-4C5DEF0E5E76}"
EndProject
Project("{FAE04EC0-301F-11D3-BF4B-00C04F79EFBC}") = "BankStatementParsing.IntegrationTests", "BankStatementParsing.IntegrationTests\BankStatementParsing.IntegrationTests.csproj", "{A265FD0E-D0D5-49D1-A408-3DF668170F97}"
EndProject
Global
	GlobalSection(SolutionConfigurationPlatforms) = preSolution
		Debug|Any CPU = Debug|Any CPU
		Debug|x64 = Debug|x64
		Debug|x86 = Debug|x86
		Release|Any CPU = Release|Any CPU
		Release|x64 = Release|x64
		Release|x86 = Release|x86
	EndGlobalSection
	GlobalSection(ProjectConfigurationPlatforms) = postSolution
		{0D66EE1F-3BBD-4F24-BD26-DB6493FB6B84}.Debug|Any CPU.ActiveCfg = Debug|Any CPU
		{0D66EE1F-3BBD-4F24-BD26-DB6493FB6B84}.Debug|Any CPU.Build.0 = Debug|Any CPU
		{0D66EE1F-3BBD-4F24-BD26-DB6493FB6B84}.Debug|x64.ActiveCfg = Debug|Any CPU
		{0D66EE1F-3BBD-4F24-BD26-DB6493FB6B84}.Debug|x64.Build.0 = Debug|Any CPU
		{0D66EE1F-3BBD-4F24-BD26-DB6493FB6B84}.Debug|x86.ActiveCfg = Debug|Any CPU
		{0D66EE1F-3BBD-4F24-BD26-DB6493FB6B84}.Debug|x86.Build.0 = Debug|Any CPU
		{0D66EE1F-3BBD-4F24-BD26-DB6493FB6B84}.Release|Any CPU.ActiveCfg = Release|Any CPU
		{0D66EE1F-3BBD-4F24-BD26-DB6493FB6B84}.Release|Any CPU.Build.0 = Release|Any CPU
		{0D66EE1F-3BBD-4F24-BD26-DB6493FB6B84}.Release|x64.ActiveCfg = Release|Any CPU
		{0D66EE1F-3BBD-4F24-BD26-DB6493FB6B84}.Release|x64.Build.0 = Release|Any CPU
		{0D66EE1F-3BBD-4F24-BD26-DB6493FB6B84}.Release|x86.ActiveCfg = Release|Any CPU
		{0D66EE1F-3BBD-4F24-BD26-DB6493FB6B84}.Release|x86.Build.0 = Release|Any CPU
		{2BC6C302-478D-4222-8DB6-1D45176FB41C}.Debug|Any CPU.ActiveCfg = Debug|Any CPU
		{2BC6C302-478D-4222-8DB6-1D45176FB41C}.Debug|Any CPU.Build.0 = Debug|Any CPU
		{2BC6C302-478D-4222-8DB6-1D45176FB41C}.Debug|x64.ActiveCfg = Debug|Any CPU
		{2BC6C302-478D-4222-8DB6-1D45176FB41C}.Debug|x64.Build.0 = Debug|Any CPU
		{2BC6C302-478D-4222-8DB6-1D45176FB41C}.Debug|x86.ActiveCfg = Debug|Any CPU
		{2BC6C302-478D-4222-8DB6-1D45176FB41C}.Debug|x86.Build.0 = Debug|Any CPU
		{2BC6C302-478D-4222-8DB6-1D45176FB41C}.Release|Any CPU.ActiveCfg = Release|Any CPU
		{2BC6C302-478D-4222-8DB6-1D45176FB41C}.Release|Any CPU.Build.0 = Release|Any CPU
		{2BC6C302-478D-4222-8DB6-1D45176FB41C}.Release|x64.ActiveCfg = Release|Any CPU
		{2BC6C302-478D-4222-8DB6-1D45176FB41C}.Release|x64.Build.0 = Release|Any CPU
		{2BC6C302-478D-4222-8DB6-1D45176FB41C}.Release|x86.ActiveCfg = Release|Any CPU
		{2BC6C302-478D-4222-8DB6-1D45176FB41C}.Release|x86.Build.0 = Release|Any CPU
		{A0EA4000-3D33-4344-914D-5BB92E58DEF6}.Debug|Any CPU.ActiveCfg = Debug|Any CPU
		{A0EA4000-3D33-4344-914D-5BB92E58DEF6}.Debug|Any CPU.Build.0 = Debug|Any CPU
		{A0EA4000-3D33-4344-914D-5BB92E58DEF6}.Debug|x64.ActiveCfg = Debug|Any CPU
		{A0EA4000-3D33-4344-914D-5BB92E58DEF6}.Debug|x64.Build.0 = Debug|Any CPU
		{A0EA4000-3D33-4344-914D-5BB92E58DEF6}.Debug|x86.ActiveCfg = Debug|Any CPU
		{A0EA4000-3D33-4344-914D-5BB92E58DEF6}.Debug|x86.Build.0 = Debug|Any CPU
		{A0EA4000-3D33-4344-914D-5BB92E58DEF6}.Release|Any CPU.ActiveCfg = Release|Any CPU
		{A0EA4000-3D33-4344-914D-5BB92E58DEF6}.Release|Any CPU.Build.0 = Release|Any CPU
		{A0EA4000-3D33-4344-914D-5BB92E58DEF6}.Release|x64.ActiveCfg = Release|Any CPU
		{A0EA4000-3D33-4344-914D-5BB92E58DEF6}.Release|x64.Build.0 = Release|Any CPU
		{A0EA4000-3D33-4344-914D-5BB92E58DEF6}.Release|x86.ActiveCfg = Release|Any CPU
		{A0EA4000-3D33-4344-914D-5BB92E58DEF6}.Release|x86.Build.0 = Release|Any CPU
		{92B364BC-C0B3-4B56-8125-1E316F74CE5E}.Debug|Any CPU.ActiveCfg = Debug|Any CPU
		{92B364BC-C0B3-4B56-8125-1E316F74CE5E}.Debug|Any CPU.Build.0 = Debug|Any CPU
		{92B364BC-C0B3-4B56-8125-1E316F74CE5E}.Debug|x64.ActiveCfg = Debug|Any CPU
		{92B364BC-C0B3-4B56-8125-1E316F74CE5E}.Debug|x64.Build.0 = Debug|Any CPU
		{92B364BC-C0B3-4B56-8125-1E316F74CE5E}.Debug|x86.ActiveCfg = Debug|Any CPU
		{92B364BC-C0B3-4B56-8125-1E316F74CE5E}.Debug|x86.Build.0 = Debug|Any CPU
		{92B364BC-C0B3-4B56-8125-1E316F74CE5E}.Release|Any CPU.ActiveCfg = Release|Any CPU
		{92B364BC-C0B3-4B56-8125-1E316F74CE5E}.Release|Any CPU.Build.0 = Release|Any CPU
		{92B364BC-C0B3-4B56-8125-1E316F74CE5E}.Release|x64.ActiveCfg = Release|Any CPU
		{92B364BC-C0B3-4B56-8125-1E316F74CE5E}.Release|x64.Build.0 = Release|Any CPU
		{92B364BC-C0B3-4B56-8125-1E316F74CE5E}.Release|x86.ActiveCfg = Release|Any CPU
		{92B364BC-C0B3-4B56-8125-1E316F74CE5E}.Release|x86.Build.0 = Release|Any CPU
		{607164BA-C020-48B8-AAF9-7B0A375365F1}.Debug|Any CPU.ActiveCfg = Debug|Any CPU
		{607164BA-C020-48B8-AAF9-7B0A375365F1}.Debug|Any CPU.Build.0 = Debug|Any CPU
		{607164BA-C020-48B8-AAF9-7B0A375365F1}.Debug|x64.ActiveCfg = Debug|Any CPU
		{607164BA-C020-48B8-AAF9-7B0A375365F1}.Debug|x64.Build.0 = Debug|Any CPU
		{607164BA-C020-48B8-AAF9-7B0A375365F1}.Debug|x86.ActiveCfg = Debug|Any CPU
		{607164BA-C020-48B8-AAF9-7B0A375365F1}.Debug|x86.Build.0 = Debug|Any CPU
		{607164BA-C020-48B8-AAF9-7B0A375365F1}.Release|Any CPU.ActiveCfg = Release|Any CPU
		{607164BA-C020-48B8-AAF9-7B0A375365F1}.Release|Any CPU.Build.0 = Release|Any CPU
		{607164BA-C020-48B8-AAF9-7B0A375365F1}.Release|x64.ActiveCfg = Release|Any CPU
		{607164BA-C020-48B8-AAF9-7B0A375365F1}.Release|x64.Build.0 = Release|Any CPU
		{607164BA-C020-48B8-AAF9-7B0A375365F1}.Release|x86.ActiveCfg = Release|Any CPU
		{607164BA-C020-48B8-AAF9-7B0A375365F1}.Release|x86.Build.0 = Release|Any CPU
		{A2A4FD5D-F4A8-4E1B-B224-2E1D9DE12E2E}.Debug|Any CPU.ActiveCfg = Debug|Any CPU
		{A2A4FD5D-F4A8-4E1B-B224-2E1D9DE12E2E}.Debug|Any CPU.Build.0 = Debug|Any CPU
		{A2A4FD5D-F4A8-4E1B-B224-2E1D9DE12E2E}.Debug|x64.ActiveCfg = Debug|Any CPU
		{A2A4FD5D-F4A8-4E1B-B224-2E1D9DE12E2E}.Debug|x64.Build.0 = Debug|Any CPU
		{A2A4FD5D-F4A8-4E1B-B224-2E1D9DE12E2E}.Debug|x86.ActiveCfg = Debug|Any CPU
		{A2A4FD5D-F4A8-4E1B-B224-2E1D9DE12E2E}.Debug|x86.Build.0 = Debug|Any CPU
		{A2A4FD5D-F4A8-4E1B-B224-2E1D9DE12E2E}.Release|Any CPU.ActiveCfg = Release|Any CPU
		{A2A4FD5D-F4A8-4E1B-B224-2E1D9DE12E2E}.Release|Any CPU.Build.0 = Release|Any CPU
		{A2A4FD5D-F4A8-4E1B-B224-2E1D9DE12E2E}.Release|x64.ActiveCfg = Release|Any CPU
		{A2A4FD5D-F4A8-4E1B-B224-2E1D9DE12E2E}.Release|x64.Build.0 = Release|Any CPU
		{A2A4FD5D-F4A8-4E1B-B224-2E1D9DE12E2E}.Release|x86.ActiveCfg = Release|Any CPU
		{A2A4FD5D-F4A8-4E1B-B224-2E1D9DE12E2E}.Release|x86.Build.0 = Release|Any CPU
		{2BD2FEA8-A8D0-4E52-97B4-4C5DEF0E5E76}.Debug|Any CPU.ActiveCfg = Debug|Any CPU
		{2BD2FEA8-A8D0-4E52-97B4-4C5DEF0E5E76}.Debug|Any CPU.Build.0 = Debug|Any CPU
		{2BD2FEA8-A8D0-4E52-97B4-4C5DEF0E5E76}.Debug|x64.ActiveCfg = Debug|Any CPU
		{2BD2FEA8-A8D0-4E52-97B4-4C5DEF0E5E76}.Debug|x64.Build.0 = Debug|Any CPU
		{2BD2FEA8-A8D0-4E52-97B4-4C5DEF0E5E76}.Debug|x86.ActiveCfg = Debug|Any CPU
		{2BD2FEA8-A8D0-4E52-97B4-4C5DEF0E5E76}.Debug|x86.Build.0 = Debug|Any CPU
		{2BD2FEA8-A8D0-4E52-97B4-4C5DEF0E5E76}.Release|Any CPU.ActiveCfg = Release|Any CPU
		{2BD2FEA8-A8D0-4E52-97B4-4C5DEF0E5E76}.Release|Any CPU.Build.0 = Release|Any CPU
		{2BD2FEA8-A8D0-4E52-97B4-4C5DEF0E5E76}.Release|x64.ActiveCfg = Release|Any CPU
		{2BD2FEA8-A8D0-4E52-97B4-4C5DEF0E5E76}.Release|x64.Build.0 = Release|Any CPU
		{2BD2FEA8-A8D0-4E52-97B4-4C5DEF0E5E76}.Release|x86.ActiveCfg = Release|Any CPU
		{2BD2FEA8-A8D0-4E52-97B4-4C5DEF0E5E76}.Release|x86.Build.0 = Release|Any CPU
		{A265FD0E-D0D5-49D1-A408-3DF668170F97}.Debug|Any CPU.ActiveCfg = Debug|Any CPU
		{A265FD0E-D0D5-49D1-A408-3DF668170F97}.Debug|Any CPU.Build.0 = Debug|Any CPU
		{A265FD0E-D0D5-49D1-A408-3DF668170F97}.Debug|x64.ActiveCfg = Debug|Any CPU
		{A265FD0E-D0D5-49D1-A408-3DF668170F97}.Debug|x64.Build.0 = Debug|Any CPU
		{A265FD0E-D0D5-49D1-A408-3DF668170F97}.Debug|x86.ActiveCfg = Debug|Any CPU
		{A265FD0E-D0D5-49D1-A408-3DF668170F97}.Debug|x86.Build.0 = Debug|Any CPU
		{A265FD0E-D0D5-49D1-A408-3DF668170F97}.Release|Any CPU.ActiveCfg = Release|Any CPU
		{A265FD0E-D0D5-49D1-A408-3DF668170F97}.Release|Any CPU.Build.0 = Release|Any CPU
		{A265FD0E-D0D5-49D1-A408-3DF668170F97}.Release|x64.ActiveCfg = Release|Any CPU
		{A265FD0E-D0D5-49D1-A408-3DF668170F97}.Release|x64.Build.0 = Release|Any CPU
		{A265FD0E-D0D5-49D1-A408-3DF668170F97}.Release|x86.ActiveCfg = Release|Any CPU
		{A265FD0E-D0D5-49D1-A408-3DF668170F97}.Release|x86.Build.0 = Release|Any CPU
	EndGlobalSection
	GlobalSection(SolutionProperties) = preSolution
		HideSolutionNode = FALSE
	EndGlobalSection
EndGlobal
